
Microsoft Visual Studio Solution File, Format Version 12.00
# Visual Studio Version 17
VisualStudioVersion = 17.5.002.0
MinimumVisualStudioVersion = 10.0.40219.1
Project("{9A19103F-16F7-4668-BE54-9A1E7A4F7556}") = "HCI.HealthCare.API", "HCI.HealthCare.API.csproj", "{28CF3AD6-9AA8-4037-954A-F4D244B58FCA}"
EndProject
Global
	GlobalSection(SolutionConfigurationPlatforms) = preSolution
		Debug|Any CPU = Debug|Any CPU
		Release|Any CPU = Release|Any CPU
	EndGlobalSection
	GlobalSection(ProjectConfigurationPlatforms) = postSolution
		{28CF3AD6-9AA8-4037-954A-F4D244B58FCA}.Debug|Any CPU.ActiveCfg = Debug|Any CPU
		{28CF3AD6-9AA8-4037-954A-F4D244B58FCA}.Debug|Any CPU.Build.0 = Debug|Any CPU
		{28CF3AD6-9AA8-4037-954A-F4D244B58FCA}.Release|Any CPU.ActiveCfg = Release|Any CPU
		{28CF3AD6-9AA8-4037-954A-F4D244B58FCA}.Release|Any CPU.Build.0 = Release|Any CPU
	EndGlobalSection
	GlobalSection(SolutionProperties) = preSolution
		HideSolutionNode = FALSE
	EndGlobalSection
	GlobalSection(ExtensibilityGlobals) = postSolution
		SolutionGuid = {CE5F45BC-6ED4-410B-B511-F600E2E8D494}
	EndGlobalSection
EndGlobal
